
Microsoft Visual Studio Solution File, Format Version 12.00
# Visual Studio Version 16
VisualStudioVersion = 16.0.30114.105
MinimumVisualStudioVersion = 10.0.40219.1
Project("{9A19103F-16F7-4668-BE54-9A1E7A4F7556}") = "TobaccoShopWeb", "TobaccoShopWeb.csproj", "{4152CCE7-009F-46EC-8E7E-48411AC2CB09}"
EndProject
Global
	GlobalSection(SolutionConfigurationPlatforms) = preSolution
		Debug|Any CPU = Debug|Any CPU
		Release|Any CPU = Release|Any CPU
	EndGlobalSection
	GlobalSection(ProjectConfigurationPlatforms) = postSolution
		{4152CCE7-009F-46EC-8E7E-48411AC2CB09}.Debug|Any CPU.ActiveCfg = Debug|Any CPU
		{4152CCE7-009F-46EC-8E7E-48411AC2CB09}.Debug|Any CPU.Build.0 = Debug|Any CPU
		{4152CCE7-009F-46EC-8E7E-48411AC2CB09}.Release|Any CPU.ActiveCfg = Release|Any CPU
		{4152CCE7-009F-46EC-8E7E-48411AC2CB09}.Release|Any CPU.Build.0 = Release|Any CPU
	EndGlobalSection
	GlobalSection(SolutionProperties) = preSolution
		HideSolutionNode = FALSE
	EndGlobalSection
	GlobalSection(ExtensibilityGlobals) = postSolution
		SolutionGuid = {06642048-B7B9-4146-B58B-4115899B1431}
	EndGlobalSection
EndGlobal
